
Microsoft Visual Studio Solution File, Format Version 12.00
# Visual Studio Version 17
VisualStudioVersion = 17.3.32825.248
MinimumVisualStudioVersion = 10.0.40219.1
Project("{FAE04EC0-301F-11D3-BF4B-00C04F79EFBC}") = "DemoDeploy", "DemoDeploy.csproj", "{06FD5CB3-2DB4-4397-92D7-D5DEF62B764A}"
EndProject
Global
	GlobalSection(SolutionConfigurationPlatforms) = preSolution
		Debug|Any CPU = Debug|Any CPU
		Release|Any CPU = Release|Any CPU
	EndGlobalSection
	GlobalSection(ProjectConfigurationPlatforms) = postSolution
		{06FD5CB3-2DB4-4397-92D7-D5DEF62B764A}.Debug|Any CPU.ActiveCfg = Debug|Any CPU
		{06FD5CB3-2DB4-4397-92D7-D5DEF62B764A}.Debug|Any CPU.Build.0 = Debug|Any CPU
		{06FD5CB3-2DB4-4397-92D7-D5DEF62B764A}.Release|Any CPU.ActiveCfg = Release|Any CPU
		{06FD5CB3-2DB4-4397-92D7-D5DEF62B764A}.Release|Any CPU.Build.0 = Release|Any CPU
	EndGlobalSection
	GlobalSection(SolutionProperties) = preSolution
		HideSolutionNode = FALSE
	EndGlobalSection
	GlobalSection(ExtensibilityGlobals) = postSolution
		SolutionGuid = {5EA087EC-A958-4B26-8EE4-07E507F94B8D}
	EndGlobalSection
EndGlobal
